Microsoft Visual Studio Solution File, Format Version 11.00
# Visual Studio 2008

Project("{F8E76228-1CAE-B5E2-C78A-E669682C455E}") = "MapleStory", "Assembly-CSharp.csproj", "{2328267E-FA11-8963-DBD1-F81F6DA9F0BA}"
EndProject
Global
	GlobalSection(SolutionConfigurationPlatforms) = preSolution
		Debug|Any CPU = Debug|Any CPU
		Release|Any CPU = Release|Any CPU
	EndGlobalSection
	GlobalSection(ProjectConfigurationPlatforms) = postSolution
		{2328267E-FA11-8963-DBD1-F81F6DA9F0BA}.Debug|Any CPU.ActiveCfg = Debug|Any CPU
		{2328267E-FA11-8963-DBD1-F81F6DA9F0BA}.Debug|Any CPU.Build.0 = Debug|Any CPU
		{2328267E-FA11-8963-DBD1-F81F6DA9F0BA}.Release|Any CPU.ActiveCfg = Release|Any CPU
		{2328267E-FA11-8963-DBD1-F81F6DA9F0BA}.Release|Any CPU.Build.0 = Release|Any CPU
	EndGlobalSection
	GlobalSection(SolutionProperties) = preSolution
		HideSolutionNode = FALSE
	EndGlobalSection
	GlobalSection(MonoDevelopProperties) = preSolution
		StartupItem = Assembly-CSharp.csproj
	EndGlobalSection
EndGlobal
